// !$*UTF8*$!
{
	archiveVersion = 1;
	classes = {
	};
	objectVersion = 51;
	objects = {

/* Begin PBXBuildFile section */
		25132E8540B63203A080AA43 /* Pods_Swift_Tutorial.framework in Frameworks */ = {isa = PBXBuildFile; fileRef = EC5BE1CCDE435E9E9ACF79F7 /* Pods_Swift_Tutorial.framework */; };
		7B0877FC243878580017D7E3 /* WeatherListHeaderCell.swift in Sources */ = {isa = PBXBuildFile; fileRef = 7B0877FB243878580017D7E3 /* WeatherListHeaderCell.swift */; };
		7B08780524387A1F0017D7E3 /* Comfortaa-Bold.ttf in Resources */ = {isa = PBXBuildFile; fileRef = 7B08780024387A1F0017D7E3 /* Comfortaa-Bold.ttf */; };
		7B08780624387A1F0017D7E3 /* Comfortaa-Light.ttf in Resources */ = {isa = PBXBuildFile; fileRef = 7B08780124387A1F0017D7E3 /* Comfortaa-Light.ttf */; };
		7B08780724387A1F0017D7E3 /* Comfortaa-Medium.ttf in Resources */ = {isa = PBXBuildFile; fileRef = 7B08780224387A1F0017D7E3 /* Comfortaa-Medium.ttf */; };
		7B08780824387A1F0017D7E3 /* Comfortaa-Regular.ttf in Resources */ = {isa = PBXBuildFile; fileRef = 7B08780324387A1F0017D7E3 /* Comfortaa-Regular.ttf */; };
		7B08780924387A1F0017D7E3 /* Comfortaa-SemiBold.ttf in Resources */ = {isa = PBXBuildFile; fileRef = 7B08780424387A1F0017D7E3 /* Comfortaa-SemiBold.ttf */; };
		7B08780B24387ACC0017D7E3 /* Fonts.swift in Sources */ = {isa = PBXBuildFile; fileRef = 7B08780A24387ACC0017D7E3 /* Fonts.swift */; };
		7B08780D24387B9F0017D7E3 /* Colors.swift in Sources */ = {isa = PBXBuildFile; fileRef = 7B08780C24387B9F0017D7E3 /* Colors.swift */; };
		7B08781124387D0B0017D7E3 /* UIView+Extensions.swift in Sources */ = {isa = PBXBuildFile; fileRef = 7B08781024387D0B0017D7E3 /* UIView+Extensions.swift */; };
		7B1215BD24790AFE00BA55D9 /* URLRequestBuilder.swift in Sources */ = {isa = PBXBuildFile; fileRef = 7B1215BC24790AFE00BA55D9 /* URLRequestBuilder.swift */; };
		7B1215BF24790DE500BA55D9 /* RequestHeaderProvider.swift in Sources */ = {isa = PBXBuildFile; fileRef = 7B1215BE24790DE500BA55D9 /* RequestHeaderProvider.swift */; };
		7B1215C124791BC600BA55D9 /* Network.swift in Sources */ = {isa = PBXBuildFile; fileRef = 7B1215C024791BC600BA55D9 /* Network.swift */; };
		7B1215C324791D0C00BA55D9 /* Mapper.swift in Sources */ = {isa = PBXBuildFile; fileRef = 7B1215C224791D0C00BA55D9 /* Mapper.swift */; };
		7B3F58D9242F3FB7001E9393 /* StartupViewModel.swift in Sources */ = {isa = PBXBuildFile; fileRef = 7B3F58D8242F3FB7001E9393 /* StartupViewModel.swift */; };
		7B3F58DC242F408E001E9393 /* Strings.swift in Sources */ = {isa = PBXBuildFile; fileRef = 7B3F58DB242F408E001E9393 /* Strings.swift */; };
		7B4CD477242D2EEA00D6B765 /* StartupAssembly.swift in Sources */ = {isa = PBXBuildFile; fileRef = 7B4CD476242D2EEA00D6B765 /* StartupAssembly.swift */; };
		7B5F7029242F4D1E00CB31EF /* WeatherListPresenter.swift in Sources */ = {isa = PBXBuildFile; fileRef = 7B5F7025242F4D1E00CB31EF /* WeatherListPresenter.swift */; };
		7B5F702A242F4D1E00CB31EF /* WeatherListRouter.swift in Sources */ = {isa = PBXBuildFile; fileRef = 7B5F7026242F4D1E00CB31EF /* WeatherListRouter.swift */; };
		7B5F702B242F4D1E00CB31EF /* WeatherListViewController.swift in Sources */ = {isa = PBXBuildFile; fileRef = 7B5F7027242F4D1E00CB31EF /* WeatherListViewController.swift */; };
		7B5F702C242F4D1E00CB31EF /* WeatherListAssembly.swift in Sources */ = {isa = PBXBuildFile; fileRef = 7B5F7028242F4D1E00CB31EF /* WeatherListAssembly.swift */; };
		7B5F7030242F514D00CB31EF /* WeatherListCell.swift in Sources */ = {isa = PBXBuildFile; fileRef = 7B5F702E242F514D00CB31EF /* WeatherListCell.swift */; };
		7B5F7031242F514D00CB31EF /* WeatherListCell.xib in Resources */ = {isa = PBXBuildFile; fileRef = 7B5F702F242F514D00CB31EF /* WeatherListCell.xib */; };
		7B690382243665CC00F90F5A /* WeatherListCodeCell.swift in Sources */ = {isa = PBXBuildFile; fileRef = 7B690381243665CC00F90F5A /* WeatherListCodeCell.swift */; };
		7BA0458824757F6E00AE111F /* NetworkProvider.swift in Sources */ = {isa = PBXBuildFile; fileRef = 7BA0458724757F6E00AE111F /* NetworkProvider.swift */; };
		7BA0458A2475841100AE111F /* NetworkError.swift in Sources */ = {isa = PBXBuildFile; fileRef = 7BA045892475841100AE111F /* NetworkError.swift */; };
		7BA0458C247591B700AE111F /* NetworkRequestPrototype.swift in Sources */ = {isa = PBXBuildFile; fileRef = 7BA0458B247591B700AE111F /* NetworkRequestPrototype.swift */; };
		7BA4451D242D24F1008492EA /* StartupPresenter.swift in Sources */ = {isa = PBXBuildFile; fileRef = 7BA4451C242D24F1008492EA /* StartupPresenter.swift */; };
		7BA44521242D27DC008492EA /* StartupRouter.swift in Sources */ = {isa = PBXBuildFile; fileRef = 7BA44520242D27DC008492EA /* StartupRouter.swift */; };
		7BB28A78241D39CA008165BE /* AppDelegate.swift in Sources */ = {isa = PBXBuildFile; fileRef = 7BB28A77241D39CA008165BE /* AppDelegate.swift */; };
		7BB28A7C241D39CA008165BE /* StartupViewController.swift in Sources */ = {isa = PBXBuildFile; fileRef = 7BB28A7B241D39CA008165BE /* StartupViewController.swift */; };
		7BB28A7F241D39CA008165BE /* Main.storyboard in Resources */ = {isa = PBXBuildFile; fileRef = 7BB28A7D241D39CA008165BE /* Main.storyboard */; };
		7BB28A81241D39CD008165BE /* Assets.xcassets in Resources */ = {isa = PBXBuildFile; fileRef = 7BB28A80241D39CD008165BE /* Assets.xcassets */; };
		7BB28A84241D39CD008165BE /* LaunchScreen.storyboard in Resources */ = {isa = PBXBuildFile; fileRef = 7BB28A82241D39CD008165BE /* LaunchScreen.storyboard */; };
		7BBFB8852480128100B825AA /* CovidAPI.swift in Sources */ = {isa = PBXBuildFile; fileRef = 7BBFB8842480128100B825AA /* CovidAPI.swift */; };
		7BBFB88824801C1D00B825AA /* BaseResponseDTO.swift in Sources */ = {isa = PBXBuildFile; fileRef = 7BBFB88724801C1D00B825AA /* BaseResponseDTO.swift */; };
		7BBFB88A24801C3300B825AA /* CovidStatisticDTO.swift in Sources */ = {isa = PBXBuildFile; fileRef = 7BBFB88924801C3300B825AA /* CovidStatisticDTO.swift */; };
		7BC48274243F9EDC005831E0 /* PTableViewCellModel.swift in Sources */ = {isa = PBXBuildFile; fileRef = 7BC48273243F9EDC005831E0 /* PTableViewCellModel.swift */; };
		7BC48276243FA02A005831E0 /* UITableView+Extensions.swift in Sources */ = {isa = PBXBuildFile; fileRef = 7BC48275243FA02A005831E0 /* UITableView+Extensions.swift */; };
		7BC4827A243FA0D1005831E0 /* WeatherListHeaderCellModel.swift in Sources */ = {isa = PBXBuildFile; fileRef = 7BC48279243FA0D1005831E0 /* WeatherListHeaderCellModel.swift */; };
		7BC4827D243FA23A005831E0 /* Weather.swift in Sources */ = {isa = PBXBuildFile; fileRef = 7BC4827C243FA23A005831E0 /* Weather.swift */; };
		7BC4827F243FA449005831E0 /* DateFormater+Extensions.swift in Sources */ = {isa = PBXBuildFile; fileRef = 7BC4827E243FA449005831E0 /* DateFormater+Extensions.swift */; };
		7BC48281243FA523005831E0 /* Date+String.swift in Sources */ = {isa = PBXBuildFile; fileRef = 7BC48280243FA523005831E0 /* Date+String.swift */; };
/* End PBXBuildFile section */

/* Begin PBXFileReference section */
		7B0877FB243878580017D7E3 /* WeatherListHeaderCell.swift */ = {isa = PBXFileReference; lastKnownFileType = sourcecode.swift; path = WeatherListHeaderCell.swift; sourceTree = "<group>"; };
		7B08780024387A1F0017D7E3 /* Comfortaa-Bold.ttf */ = {isa = PBXFileReference; lastKnownFileType = file; path = "Comfortaa-Bold.ttf"; sourceTree = "<group>"; };
		7B08780124387A1F0017D7E3 /* Comfortaa-Light.ttf */ = {isa = PBXFileReference; lastKnownFileType = file; path = "Comfortaa-Light.ttf"; sourceTree = "<group>"; };
		7B08780224387A1F0017D7E3 /* Comfortaa-Medium.ttf */ = {isa = PBXFileReference; lastKnownFileType = file; path = "Comfortaa-Medium.ttf"; sourceTree = "<group>"; };
		7B08780324387A1F0017D7E3 /* Comfortaa-Regular.ttf */ = {isa = PBXFileReference; lastKnownFileType = file; path = "Comfortaa-Regular.ttf"; sourceTree = "<group>"; };
		7B08780424387A1F0017D7E3 /* Comfortaa-SemiBold.ttf */ = {isa = PBXFileReference; lastKnownFileType = file; path = "Comfortaa-SemiBold.ttf"; sourceTree = "<group>"; };
		7B08780A24387ACC0017D7E3 /* Fonts.swift */ = {isa = PBXFileReference; lastKnownFileType = sourcecode.swift; path = Fonts.swift; sourceTree = "<group>"; };
		7B08780C24387B9F0017D7E3 /* Colors.swift */ = {isa = PBXFileReference; lastKnownFileType = sourcecode.swift; path = Colors.swift; sourceTree = "<group>"; };
		7B08781024387D0B0017D7E3 /* UIView+Extensions.swift */ = {isa = PBXFileReference; lastKnownFileType = sourcecode.swift; path = "UIView+Extensions.swift"; sourceTree = "<group>"; };
		7B1215BC24790AFE00BA55D9 /* URLRequestBuilder.swift */ = {isa = PBXFileReference; lastKnownFileType = sourcecode.swift; path = URLRequestBuilder.swift; sourceTree = "<group>"; };
		7B1215BE24790DE500BA55D9 /* RequestHeaderProvider.swift */ = {isa = PBXFileReference; lastKnownFileType = sourcecode.swift; path = RequestHeaderProvider.swift; sourceTree = "<group>"; };
		7B1215C024791BC600BA55D9 /* Network.swift */ = {isa = PBXFileReference; lastKnownFileType = sourcecode.swift; path = Network.swift; sourceTree = "<group>"; };
		7B1215C224791D0C00BA55D9 /* Mapper.swift */ = {isa = PBXFileReference; lastKnownFileType = sourcecode.swift; path = Mapper.swift; sourceTree = "<group>"; };
		7B3F58D8242F3FB7001E9393 /* StartupViewModel.swift */ = {isa = PBXFileReference; lastKnownFileType = sourcecode.swift; path = StartupViewModel.swift; sourceTree = "<group>"; };
		7B3F58DB242F408E001E9393 /* Strings.swift */ = {isa = PBXFileReference; lastKnownFileType = sourcecode.swift; path = Strings.swift; sourceTree = "<group>"; };
		7B4CD476242D2EEA00D6B765 /* StartupAssembly.swift */ = {isa = PBXFileReference; lastKnownFileType = sourcecode.swift; path = StartupAssembly.swift; sourceTree = "<group>"; };
		7B5F7025242F4D1E00CB31EF /* WeatherListPresenter.swift */ = {isa = PBXFileReference; lastKnownFileType = sourcecode.swift; path = WeatherListPresenter.swift; sourceTree = "<group>"; };
		7B5F7026242F4D1E00CB31EF /* WeatherListRouter.swift */ = {isa = PBXFileReference; lastKnownFileType = sourcecode.swift; path = WeatherListRouter.swift; sourceTree = "<group>"; };
		7B5F7027242F4D1E00CB31EF /* WeatherListViewController.swift */ = {isa = PBXFileReference; lastKnownFileType = sourcecode.swift; path = WeatherListViewController.swift; sourceTree = "<group>"; };
		7B5F7028242F4D1E00CB31EF /* WeatherListAssembly.swift */ = {isa = PBXFileReference; lastKnownFileType = sourcecode.swift; path = WeatherListAssembly.swift; sourceTree = "<group>"; };
		7B5F702E242F514D00CB31EF /* WeatherListCell.swift */ = {isa = PBXFileReference; lastKnownFileType = sourcecode.swift; path = WeatherListCell.swift; sourceTree = "<group>"; };
		7B5F702F242F514D00CB31EF /* WeatherListCell.xib */ = {isa = PBXFileReference; lastKnownFileType = file.xib; path = WeatherListCell.xib; sourceTree = "<group>"; };
		7B690381243665CC00F90F5A /* WeatherListCodeCell.swift */ = {isa = PBXFileReference; lastKnownFileType = sourcecode.swift; path = WeatherListCodeCell.swift; sourceTree = "<group>"; };
		7BA0458724757F6E00AE111F /* NetworkProvider.swift */ = {isa = PBXFileReference; lastKnownFileType = sourcecode.swift; path = NetworkProvider.swift; sourceTree = "<group>"; };
		7BA045892475841100AE111F /* NetworkError.swift */ = {isa = PBXFileReference; lastKnownFileType = sourcecode.swift; path = NetworkError.swift; sourceTree = "<group>"; };
		7BA0458B247591B700AE111F /* NetworkRequestPrototype.swift */ = {isa = PBXFileReference; lastKnownFileType = sourcecode.swift; path = NetworkRequestPrototype.swift; sourceTree = "<group>"; };
		7BA4451C242D24F1008492EA /* StartupPresenter.swift */ = {isa = PBXFileReference; lastKnownFileType = sourcecode.swift; path = StartupPresenter.swift; sourceTree = "<group>"; };
		7BA44520242D27DC008492EA /* StartupRouter.swift */ = {isa = PBXFileReference; lastKnownFileType = sourcecode.swift; path = StartupRouter.swift; sourceTree = "<group>"; };
		7BB28A74241D39CA008165BE /* Swift-Tutorial.app */ = {isa = PBXFileReference; explicitFileType = wrapper.application; includeInIndex = 0; path = "Swift-Tutorial.app"; sourceTree = BUILT_PRODUCTS_DIR; };
		7BB28A77241D39CA008165BE /* AppDelegate.swift */ = {isa = PBXFileReference; lastKnownFileType = sourcecode.swift; path = AppDelegate.swift; sourceTree = "<group>"; };
		7BB28A7B241D39CA008165BE /* StartupViewController.swift */ = {isa = PBXFileReference; lastKnownFileType = sourcecode.swift; path = StartupViewController.swift; sourceTree = "<group>"; };
		7BB28A7E241D39CA008165BE /* Base */ = {isa = PBXFileReference; lastKnownFileType = file.storyboard; name = Base; path = Base.lproj/Main.storyboard; sourceTree = "<group>"; };
		7BB28A80241D39CD008165BE /* Assets.xcassets */ = {isa = PBXFileReference; lastKnownFileType = folder.assetcatalog; path = Assets.xcassets; sourceTree = "<group>"; };
		7BB28A83241D39CD008165BE /* Base */ = {isa = PBXFileReference; lastKnownFileType = file.storyboard; name = Base; path = Base.lproj/LaunchScreen.storyboard; sourceTree = "<group>"; };
		7BB28A85241D39CD008165BE /* Info.plist */ = {isa = PBXFileReference; lastKnownFileType = text.plist.xml; path = Info.plist; sourceTree = "<group>"; };
		7BBFB8842480128100B825AA /* CovidAPI.swift */ = {isa = PBXFileReference; lastKnownFileType = sourcecode.swift; path = CovidAPI.swift; sourceTree = "<group>"; };
		7BBFB88724801C1D00B825AA /* BaseResponseDTO.swift */ = {isa = PBXFileReference; lastKnownFileType = sourcecode.swift; path = BaseResponseDTO.swift; sourceTree = "<group>"; };
		7BBFB88924801C3300B825AA /* CovidStatisticDTO.swift */ = {isa = PBXFileReference; lastKnownFileType = sourcecode.swift; path = CovidStatisticDTO.swift; sourceTree = "<group>"; };
		7BC48273243F9EDC005831E0 /* PTableViewCellModel.swift */ = {isa = PBXFileReference; fileEncoding = 4; lastKnownFileType = sourcecode.swift; path = PTableViewCellModel.swift; sourceTree = "<group>"; };
		7BC48275243FA02A005831E0 /* UITableView+Extensions.swift */ = {isa = PBXFileReference; fileEncoding = 4; lastKnownFileType = sourcecode.swift; path = "UITableView+Extensions.swift"; sourceTree = "<group>"; };
		7BC48279243FA0D1005831E0 /* WeatherListHeaderCellModel.swift */ = {isa = PBXFileReference; lastKnownFileType = sourcecode.swift; path = WeatherListHeaderCellModel.swift; sourceTree = "<group>"; };
		7BC4827C243FA23A005831E0 /* Weather.swift */ = {isa = PBXFileReference; lastKnownFileType = sourcecode.swift; path = Weather.swift; sourceTree = "<group>"; };
		7BC4827E243FA449005831E0 /* DateFormater+Extensions.swift */ = {isa = PBXFileReference; lastKnownFileType = sourcecode.swift; path = "DateFormater+Extensions.swift"; sourceTree = "<group>"; };
		7BC48280243FA523005831E0 /* Date+String.swift */ = {isa = PBXFileReference; lastKnownFileType = sourcecode.swift; path = "Date+String.swift"; sourceTree = "<group>"; };
		C7A82CD4BBAE9B2234F17F00 /* Pods-Swift-Tutorial.debug.xcconfig */ = {isa = PBXFileReference; includeInIndex = 1; lastKnownFileType = text.xcconfig; name = "Pods-Swift-Tutorial.debug.xcconfig"; path = "Target Support Files/Pods-Swift-Tutorial/Pods-Swift-Tutorial.debug.xcconfig"; sourceTree = "<group>"; };
		CD2D39B873E9D9BE91A8B1DC /* Pods-Swift-Tutorial.release.xcconfig */ = {isa = PBXFileReference; includeInIndex = 1; lastKnownFileType = text.xcconfig; name = "Pods-Swift-Tutorial.release.xcconfig"; path = "Target Support Files/Pods-Swift-Tutorial/Pods-Swift-Tutorial.release.xcconfig"; sourceTree = "<group>"; };
		EC5BE1CCDE435E9E9ACF79F7 /* Pods_Swift_Tutorial.framework */ = {isa = PBXFileReference; explicitFileType = wrapper.framework; includeInIndex = 0; path = Pods_Swift_Tutorial.framework; sourceTree = BUILT_PRODUCTS_DIR; };
/* End PBXFileReference section */

/* Begin PBXFrameworksBuildPhase section */
		7BB28A71241D39CA008165BE /* Frameworks */ = {
			isa = PBXFrameworksBuildPhase;
			buildActionMask = 2147483647;
			files = (
				25132E8540B63203A080AA43 /* Pods_Swift_Tutorial.framework in Frameworks */,
			);
			runOnlyForDeploymentPostprocessing = 0;
		};
/* End PBXFrameworksBuildPhase section */

/* Begin PBXGroup section */
		687870B8207994478DB1EFB2 /* Frameworks */ = {
			isa = PBXGroup;
			children = (
				EC5BE1CCDE435E9E9ACF79F7 /* Pods_Swift_Tutorial.framework */,
			);
			name = Frameworks;
			sourceTree = "<group>";
		};
		7B0877FD243879D80017D7E3 /* Resources */ = {
			isa = PBXGroup;
			children = (
				7B0877FE243879E50017D7E3 /* Fonts */,
				7B08780C24387B9F0017D7E3 /* Colors.swift */,
			);
			path = Resources;
			sourceTree = "<group>";
		};
		7B0877FE243879E50017D7E3 /* Fonts */ = {
			isa = PBXGroup;
			children = (
				7B0877FF243879EB0017D7E3 /* Comfortaa */,
				7B08780A24387ACC0017D7E3 /* Fonts.swift */,
			);
			path = Fonts;
			sourceTree = "<group>";
		};
		7B0877FF243879EB0017D7E3 /* Comfortaa */ = {
			isa = PBXGroup;
			children = (
				7B08780024387A1F0017D7E3 /* Comfortaa-Bold.ttf */,
				7B08780124387A1F0017D7E3 /* Comfortaa-Light.ttf */,
				7B08780224387A1F0017D7E3 /* Comfortaa-Medium.ttf */,
				7B08780324387A1F0017D7E3 /* Comfortaa-Regular.ttf */,
				7B08780424387A1F0017D7E3 /* Comfortaa-SemiBold.ttf */,
			);
			path = Comfortaa;
			sourceTree = "<group>";
		};
		7B08780E24387CF90017D7E3 /* Extensions */ = {
			isa = PBXGroup;
			children = (
				7B08780F24387D010017D7E3 /* UIKit */,
			);
			path = Extensions;
			sourceTree = "<group>";
		};
		7B08780F24387D010017D7E3 /* UIKit */ = {
			isa = PBXGroup;
			children = (
				7B08781024387D0B0017D7E3 /* UIView+Extensions.swift */,
				7BC48275243FA02A005831E0 /* UITableView+Extensions.swift */,
				7BC4827E243FA449005831E0 /* DateFormater+Extensions.swift */,
				7BC48280243FA523005831E0 /* Date+String.swift */,
			);
			path = UIKit;
			sourceTree = "<group>";
		};
		7B3F58D7242F3F67001E9393 /* ViewModels */ = {
			isa = PBXGroup;
			children = (
				7B3F58D8242F3FB7001E9393 /* StartupViewModel.swift */,
			);
			path = ViewModels;
			sourceTree = "<group>";
		};
		7B3F58DA242F4085001E9393 /* Utils */ = {
			isa = PBXGroup;
			children = (
				7BA0458624757F0600AE111F /* Network */,
				7BC48277243FA039005831E0 /* Protocols */,
				7B08780E24387CF90017D7E3 /* Extensions */,
				7B3F58DB242F408E001E9393 /* Strings.swift */,
			);
			path = Utils;
			sourceTree = "<group>";
		};
		7B5F7024242F4CF800CB31EF /* WeatherList */ = {
			isa = PBXGroup;
			children = (
				7BC4827B243FA228005831E0 /* Model */,
				7BC48278243FA0AC005831E0 /* CellModels */,
				7B5F702D242F50CC00CB31EF /* Cells */,
				7B5F7025242F4D1E00CB31EF /* WeatherListPresenter.swift */,
				7B5F7026242F4D1E00CB31EF /* WeatherListRouter.swift */,
				7B5F7027242F4D1E00CB31EF /* WeatherListViewController.swift */,
				7B5F7028242F4D1E00CB31EF /* WeatherListAssembly.swift */,
			);
			path = WeatherList;
			sourceTree = "<group>";
		};
		7B5F702D242F50CC00CB31EF /* Cells */ = {
			isa = PBXGroup;
			children = (
				7B5F702E242F514D00CB31EF /* WeatherListCell.swift */,
				7B5F702F242F514D00CB31EF /* WeatherListCell.xib */,
				7B690381243665CC00F90F5A /* WeatherListCodeCell.swift */,
				7B0877FB243878580017D7E3 /* WeatherListHeaderCell.swift */,
			);
			path = Cells;
			sourceTree = "<group>";
		};
		7BA0458624757F0600AE111F /* Network */ = {
			isa = PBXGroup;
			children = (
				7BBFB88624801C1400B825AA /* DTO */,
				7BBFB8832480127300B825AA /* API */,
				7BA0458724757F6E00AE111F /* NetworkProvider.swift */,
				7B1215C024791BC600BA55D9 /* Network.swift */,
				7BA045892475841100AE111F /* NetworkError.swift */,
				7BA0458B247591B700AE111F /* NetworkRequestPrototype.swift */,
				7B1215BC24790AFE00BA55D9 /* URLRequestBuilder.swift */,
				7B1215C224791D0C00BA55D9 /* Mapper.swift */,
				7B1215BE24790DE500BA55D9 /* RequestHeaderProvider.swift */,
			);
			path = Network;
			sourceTree = "<group>";
		};
		7BA44519242D24AB008492EA /* Startup */ = {
			isa = PBXGroup;
			children = (
				7B3F58D7242F3F67001E9393 /* ViewModels */,
				7BB28A7B241D39CA008165BE /* StartupViewController.swift */,
				7BA4451C242D24F1008492EA /* StartupPresenter.swift */,
				7BA44520242D27DC008492EA /* StartupRouter.swift */,
				7B4CD476242D2EEA00D6B765 /* StartupAssembly.swift */,
			);
			path = Startup;
			sourceTree = "<group>";
		};
		7BA4451A242D24B7008492EA /* Modules */ = {
			isa = PBXGroup;
			children = (
				7BA44519242D24AB008492EA /* Startup */,
				7B5F7024242F4CF800CB31EF /* WeatherList */,
			);
			path = Modules;
			sourceTree = "<group>";
		};
		7BB28A6B241D39CA008165BE = {
			isa = PBXGroup;
			children = (
				7BB28A76241D39CA008165BE /* Swift-Tutorial */,
				7BB28A75241D39CA008165BE /* Products */,
				80F50676B3230A55F5CD4EA3 /* Pods */,
				687870B8207994478DB1EFB2 /* Frameworks */,
			);
			sourceTree = "<group>";
		};
		7BB28A75241D39CA008165BE /* Products */ = {
			isa = PBXGroup;
			children = (
				7BB28A74241D39CA008165BE /* Swift-Tutorial.app */,
			);
			name = Products;
			sourceTree = "<group>";
		};
		7BB28A76241D39CA008165BE /* Swift-Tutorial */ = {
			isa = PBXGroup;
			children = (
				7B0877FD243879D80017D7E3 /* Resources */,
				7B3F58DA242F4085001E9393 /* Utils */,
				7BB28A77241D39CA008165BE /* AppDelegate.swift */,
				7BB28A7D241D39CA008165BE /* Main.storyboard */,
				7BB28A80241D39CD008165BE /* Assets.xcassets */,
				7BB28A82241D39CD008165BE /* LaunchScreen.storyboard */,
				7BB28A85241D39CD008165BE /* Info.plist */,
				7BA4451A242D24B7008492EA /* Modules */,
			);
			path = "Swift-Tutorial";
			sourceTree = "<group>";
		};
		7BBFB8832480127300B825AA /* API */ = {
			isa = PBXGroup;
			children = (
				7BBFB8842480128100B825AA /* CovidAPI.swift */,
			);
			path = API;
			sourceTree = "<group>";
		};
		7BBFB88624801C1400B825AA /* DTO */ = {
			isa = PBXGroup;
			children = (
				7BBFB88724801C1D00B825AA /* BaseResponseDTO.swift */,
				7BBFB88924801C3300B825AA /* CovidStatisticDTO.swift */,
			);
			path = DTO;
			sourceTree = "<group>";
		};
		7BC48277243FA039005831E0 /* Protocols */ = {
			isa = PBXGroup;
			children = (
				7BC48273243F9EDC005831E0 /* PTableViewCellModel.swift */,
			);
			path = Protocols;
			sourceTree = "<group>";
		};
		7BC48278243FA0AC005831E0 /* CellModels */ = {
			isa = PBXGroup;
			children = (
				7BC48279243FA0D1005831E0 /* WeatherListHeaderCellModel.swift */,
			);
			path = CellModels;
			sourceTree = "<group>";
		};
		7BC4827B243FA228005831E0 /* Model */ = {
			isa = PBXGroup;
			children = (
				7BC4827C243FA23A005831E0 /* Weather.swift */,
			);
			path = Model;
			sourceTree = "<group>";
		};
		80F50676B3230A55F5CD4EA3 /* Pods */ = {
			isa = PBXGroup;
			children = (
				C7A82CD4BBAE9B2234F17F00 /* Pods-Swift-Tutorial.debug.xcconfig */,
				CD2D39B873E9D9BE91A8B1DC /* Pods-Swift-Tutorial.release.xcconfig */,
			);
			path = Pods;
			sourceTree = "<group>";
		};
/* End PBXGroup section */

/* Begin PBXNativeTarget section */
		7BB28A73241D39CA008165BE /* Swift-Tutorial */ = {
			isa = PBXNativeTarget;
			buildConfigurationList = 7BB28A88241D39CD008165BE /* Build configuration list for PBXNativeTarget "Swift-Tutorial" */;
			buildPhases = (
				0BA56613951C7F66FEB7E3C3 /* [CP] Check Pods Manifest.lock */,
				7B3D39962426027200975C53 /* SwiftLint */,
				7BB28A70241D39CA008165BE /* Sources */,
				7BB28A71241D39CA008165BE /* Frameworks */,
				7BB28A72241D39CA008165BE /* Resources */,
				4D1D2E658EF54EC14680B847 /* [CP] Embed Pods Frameworks */,
			);
			buildRules = (
			);
			dependencies = (
			);
			name = "Swift-Tutorial";
			productName = "Swift-Tutorial";
			productReference = 7BB28A74241D39CA008165BE /* Swift-Tutorial.app */;
			productType = "com.apple.product-type.application";
		};
/* End PBXNativeTarget section */

/* Begin PBXProject section */
		7BB28A6C241D39CA008165BE /* Project object */ = {
			isa = PBXProject;
			attributes = {
				LastSwiftUpdateCheck = 1130;
				LastUpgradeCheck = 1130;
				ORGANIZATIONNAME = "Ilya Glazunov";
				TargetAttributes = {
					7BB28A73241D39CA008165BE = {
						CreatedOnToolsVersion = 11.3.1;
					};
				};
			};
			buildConfigurationList = 7BB28A6F241D39CA008165BE /* Build configuration list for PBXProject "Swift-Tutorial" */;
			compatibilityVersion = "Xcode 9.3";
			developmentRegion = en;
			hasScannedForEncodings = 0;
			knownRegions = (
				en,
				Base,
			);
			mainGroup = 7BB28A6B241D39CA008165BE;
			productRefGroup = 7BB28A75241D39CA008165BE /* Products */;
			projectDirPath = "";
			projectRoot = "";
			targets = (
				7BB28A73241D39CA008165BE /* Swift-Tutorial */,
			);
		};
/* End PBXProject section */

/* Begin PBXResourcesBuildPhase section */
		7BB28A72241D39CA008165BE /* Resources */ = {
			isa = PBXResourcesBuildPhase;
			buildActionMask = 2147483647;
			files = (
				7B5F7031242F514D00CB31EF /* WeatherListCell.xib in Resources */,
				7BB28A84241D39CD008165BE /* LaunchScreen.storyboard in Resources */,
				7B08780924387A1F0017D7E3 /* Comfortaa-SemiBold.ttf in Resources */,
				7B08780724387A1F0017D7E3 /* Comfortaa-Medium.ttf in Resources */,
				7B08780524387A1F0017D7E3 /* Comfortaa-Bold.ttf in Resources */,
				7B08780824387A1F0017D7E3 /* Comfortaa-Regular.ttf in Resources */,
				7BB28A81241D39CD008165BE /* Assets.xcassets in Resources */,
				7B08780624387A1F0017D7E3 /* Comfortaa-Light.ttf in Resources */,
				7BB28A7F241D39CA008165BE /* Main.storyboard in Resources */,
			);
			runOnlyForDeploymentPostprocessing = 0;
		};
/* End PBXResourcesBuildPhase section */

/* Begin PBXShellScriptBuildPhase section */
		0BA56613951C7F66FEB7E3C3 /* [CP] Check Pods Manifest.lock */ = {
			isa = PBXShellScriptBuildPhase;
			buildActionMask = 2147483647;
			files = (
			);
			inputFileListPaths = (
			);
			inputPaths = (
				"${PODS_PODFILE_DIR_PATH}/Podfile.lock",
				"${PODS_ROOT}/Manifest.lock",
			);
			name = "[CP] Check Pods Manifest.lock";
			outputFileListPaths = (
			);
			outputPaths = (
				"$(DERIVED_FILE_DIR)/Pods-Swift-Tutorial-checkManifestLockResult.txt",
			);
			runOnlyForDeploymentPostprocessing = 0;
			shellPath = /bin/sh;
			shellScript = "diff \"${PODS_PODFILE_DIR_PATH}/Podfile.lock\" \"${PODS_ROOT}/Manifest.lock\" > /dev/null\nif [ $? != 0 ] ; then\n    # print error to STDERR\n    echo \"error: The sandbox is not in sync with the Podfile.lock. Run 'pod install' or update your CocoaPods installation.\" >&2\n    exit 1\nfi\n# This output is used by Xcode 'outputs' to avoid re-running this script phase.\necho \"SUCCESS\" > \"${SCRIPT_OUTPUT_FILE_0}\"\n";
			showEnvVarsInLog = 0;
		};
		4D1D2E658EF54EC14680B847 /* [CP] Embed Pods Frameworks */ = {
			isa = PBXShellScriptBuildPhase;
			buildActionMask = 2147483647;
			files = (
			);
			inputFileListPaths = (
				"${PODS_ROOT}/Target Support Files/Pods-Swift-Tutorial/Pods-Swift-Tutorial-frameworks-${CONFIGURATION}-input-files.xcfilelist",
			);
			name = "[CP] Embed Pods Frameworks";
			outputFileListPaths = (
				"${PODS_ROOT}/Target Support Files/Pods-Swift-Tutorial/Pods-Swift-Tutorial-frameworks-${CONFIGURATION}-output-files.xcfilelist",
			);
			runOnlyForDeploymentPostprocessing = 0;
			shellPath = /bin/sh;
			shellScript = "\"${PODS_ROOT}/Target Support Files/Pods-Swift-Tutorial/Pods-Swift-Tutorial-frameworks.sh\"\n";
			showEnvVarsInLog = 0;
		};
		7B3D39962426027200975C53 /* SwiftLint */ = {
			isa = PBXShellScriptBuildPhase;
			buildActionMask = 2147483647;
			files = (
			);
			inputFileListPaths = (
			);
			inputPaths = (
			);
			name = SwiftLint;
			outputFileListPaths = (
			);
			outputPaths = (
			);
			runOnlyForDeploymentPostprocessing = 0;
			shellPath = /bin/sh;
			shellScript = "\"${PODS_ROOT}/SwiftLint/swiftlint\"\n";
		};
/* End PBXShellScriptBuildPhase section */

/* Begin PBXSourcesBuildPhase section */
		7BB28A70241D39CA008165BE /* Sources */ = {
			isa = PBXSourcesBuildPhase;
			buildActionMask = 2147483647;
			files = (
				7BC48274243F9EDC005831E0 /* PTableViewCellModel.swift in Sources */,
				7BBFB88824801C1D00B825AA /* BaseResponseDTO.swift in Sources */,
				7BBFB8852480128100B825AA /* CovidAPI.swift in Sources */,
				7B5F7030242F514D00CB31EF /* WeatherListCell.swift in Sources */,
				7B1215BD24790AFE00BA55D9 /* URLRequestBuilder.swift in Sources */,
				7B1215C124791BC600BA55D9 /* Network.swift in Sources */,
				7B1215C324791D0C00BA55D9 /* Mapper.swift in Sources */,
				7B08780B24387ACC0017D7E3 /* Fonts.swift in Sources */,
				7B690382243665CC00F90F5A /* WeatherListCodeCell.swift in Sources */,
				7BB28A7C241D39CA008165BE /* StartupViewController.swift in Sources */,
				7BA0458824757F6E00AE111F /* NetworkProvider.swift in Sources */,
				7B3F58DC242F408E001E9393 /* Strings.swift in Sources */,
				7BB28A78241D39CA008165BE /* AppDelegate.swift in Sources */,
				7B08781124387D0B0017D7E3 /* UIView+Extensions.swift in Sources */,
				7B0877FC243878580017D7E3 /* WeatherListHeaderCell.swift in Sources */,
				7B3F58D9242F3FB7001E9393 /* StartupViewModel.swift in Sources */,
				7BA0458C247591B700AE111F /* NetworkRequestPrototype.swift in Sources */,
				7B5F702A242F4D1E00CB31EF /* WeatherListRouter.swift in Sources */,
				7BC48281243FA523005831E0 /* Date+String.swift in Sources */,
				7B08780D24387B9F0017D7E3 /* Colors.swift in Sources */,
				7B5F7029242F4D1E00CB31EF /* WeatherListPresenter.swift in Sources */,
				7BC4827D243FA23A005831E0 /* Weather.swift in Sources */,
				7B4CD477242D2EEA00D6B765 /* StartupAssembly.swift in Sources */,
				7B5F702C242F4D1E00CB31EF /* WeatherListAssembly.swift in Sources */,
				7BBFB88A24801C3300B825AA /* CovidStatisticDTO.swift in Sources */,
				7BC48276243FA02A005831E0 /* UITableView+Extensions.swift in Sources */,
				7BA0458A2475841100AE111F /* NetworkError.swift in Sources */,
				7BA44521242D27DC008492EA /* StartupRouter.swift in Sources */,
				7B5F702B242F4D1E00CB31EF /* WeatherListViewController.swift in Sources */,
				7BC4827F243FA449005831E0 /* DateFormater+Extensions.swift in Sources */,
				7BC4827A243FA0D1005831E0 /* WeatherListHeaderCellModel.swift in Sources */,
				7BA4451D242D24F1008492EA /* StartupPresenter.swift in Sources */,
				7B1215BF24790DE500BA55D9 /* RequestHeaderProvider.swift in Sources */,
			);
			runOnlyForDeploymentPostprocessing = 0;
		};
/* End PBXSourcesBuildPhase section */

/* Begin PBXVariantGroup section */
		7BB28A7D241D39CA008165BE /* Main.storyboard */ = {
			isa = PBXVariantGroup;
			children = (
				7BB28A7E241D39CA008165BE /* Base */,
			);
			name = Main.storyboard;
			sourceTree = "<group>";
		};
		7BB28A82241D39CD008165BE /* LaunchScreen.storyboard */ = {
			isa = PBXVariantGroup;
			children = (
				7BB28A83241D39CD008165BE /* Base */,
			);
			name = LaunchScreen.storyboard;
			sourceTree = "<group>";
		};
/* End PBXVariantGroup section */

/* Begin XCBuildConfiguration section */
		7BB28A86241D39CD008165BE /* Debug */ = {
			isa = XCBuildConfiguration;
			buildSettings = {
				ALWAYS_SEARCH_USER_PATHS = NO;
				CLANG_ANALYZER_NONNULL = YES;
				CLANG_ANALYZER_NUMBER_OBJECT_CONVERSION = YES_AGGRESSIVE;
				CLANG_CXX_LANGUAGE_STANDARD = "gnu++14";
				CLANG_CXX_LIBRARY = "libc++";
				CLANG_ENABLE_MODULES = YES;
				CLANG_ENABLE_OBJC_ARC = YES;
				CLANG_ENABLE_OBJC_WEAK = YES;
				CLANG_WARN_BLOCK_CAPTURE_AUTORELEASING = YES;
				CLANG_WARN_BOOL_CONVERSION = YES;
				CLANG_WARN_COMMA = YES;
				CLANG_WARN_CONSTANT_CONVERSION = YES;
				CLANG_WARN_DEPRECATED_OBJC_IMPLEMENTATIONS = YES;
				CLANG_WARN_DIRECT_OBJC_ISA_USAGE = YES_ERROR;
				CLANG_WARN_DOCUMENTATION_COMMENTS = YES;
				CLANG_WARN_EMPTY_BODY = YES;
				CLANG_WARN_ENUM_CONVERSION = YES;
				CLANG_WARN_INFINITE_RECURSION = YES;
				CLANG_WARN_INT_CONVERSION = YES;
				CLANG_WARN_NON_LITERAL_NULL_CONVERSION = YES;
				CLANG_WARN_OBJC_IMPLICIT_RETAIN_SELF = YES;
				CLANG_WARN_OBJC_LITERAL_CONVERSION = YES;
				CLANG_WARN_OBJC_ROOT_CLASS = YES_ERROR;
				CLANG_WARN_RANGE_LOOP_ANALYSIS = YES;
				CLANG_WARN_STRICT_PROTOTYPES = YES;
				CLANG_WARN_SUSPICIOUS_MOVE = YES;
				CLANG_WARN_UNGUARDED_AVAILABILITY = YES_AGGRESSIVE;
				CLANG_WARN_UNREACHABLE_CODE = YES;
				CLANG_WARN__DUPLICATE_METHOD_MATCH = YES;
				COPY_PHASE_STRIP = NO;
				DEBUG_INFORMATION_FORMAT = dwarf;
				ENABLE_STRICT_OBJC_MSGSEND = YES;
				ENABLE_TESTABILITY = YES;
				GCC_C_LANGUAGE_STANDARD = gnu11;
				GCC_DYNAMIC_NO_PIC = NO;
				GCC_NO_COMMON_BLOCKS = YES;
				GCC_OPTIMIZATION_LEVEL = 0;
				GCC_PREPROCESSOR_DEFINITIONS = (
					"DEBUG=1",
					"$(inherited)",
				);
				GCC_WARN_64_TO_32_BIT_CONVERSION = YES;
				GCC_WARN_ABOUT_RETURN_TYPE = YES_ERROR;
				GCC_WARN_UNDECLARED_SELECTOR = YES;
				GCC_WARN_UNINITIALIZED_AUTOS = YES_AGGRESSIVE;
				GCC_WARN_UNUSED_FUNCTION = YES;
				GCC_WARN_UNUSED_VARIABLE = YES;
				IPHONEOS_DEPLOYMENT_TARGET = 11.0;
				MTL_ENABLE_DEBUG_INFO = INCLUDE_SOURCE;
				MTL_FAST_MATH = YES;
				ONLY_ACTIVE_ARCH = YES;
				SDKROOT = iphoneos;
				SWIFT_ACTIVE_COMPILATION_CONDITIONS = DEBUG;
				SWIFT_OPTIMIZATION_LEVEL = "-Onone";
			};
			name = Debug;
		};
		7BB28A87241D39CD008165BE /* Release */ = {
			isa = XCBuildConfiguration;
			buildSettings = {
				ALWAYS_SEARCH_USER_PATHS = NO;
				CLANG_ANALYZER_NONNULL = YES;
				CLANG_ANALYZER_NUMBER_OBJECT_CONVERSION = YES_AGGRESSIVE;
				CLANG_CXX_LANGUAGE_STANDARD = "gnu++14";
				CLANG_CXX_LIBRARY = "libc++";
				CLANG_ENABLE_MODULES = YES;
				CLANG_ENABLE_OBJC_ARC = YES;
				CLANG_ENABLE_OBJC_WEAK = YES;
				CLANG_WARN_BLOCK_CAPTURE_AUTORELEASING = YES;
				CLANG_WARN_BOOL_CONVERSION = YES;
				CLANG_WARN_COMMA = YES;
				CLANG_WARN_CONSTANT_CONVERSION = YES;
				CLANG_WARN_DEPRECATED_OBJC_IMPLEMENTATIONS = YES;
				CLANG_WARN_DIRECT_OBJC_ISA_USAGE = YES_ERROR;
				CLANG_WARN_DOCUMENTATION_COMMENTS = YES;
				CLANG_WARN_EMPTY_BODY = YES;
				CLANG_WARN_ENUM_CONVERSION = YES;
				CLANG_WARN_INFINITE_RECURSION = YES;
				CLANG_WARN_INT_CONVERSION = YES;
				CLANG_WARN_NON_LITERAL_NULL_CONVERSION = YES;
				CLANG_WARN_OBJC_IMPLICIT_RETAIN_SELF = YES;
				CLANG_WARN_OBJC_LITERAL_CONVERSION = YES;
				CLANG_WARN_OBJC_ROOT_CLASS = YES_ERROR;
				CLANG_WARN_RANGE_LOOP_ANALYSIS = YES;
				CLANG_WARN_STRICT_PROTOTYPES = YES;
				CLANG_WARN_SUSPICIOUS_MOVE = YES;
				CLANG_WARN_UNGUARDED_AVAILABILITY = YES_AGGRESSIVE;
				CLANG_WARN_UNREACHABLE_CODE = YES;
				CLANG_WARN__DUPLICATE_METHOD_MATCH = YES;
				COPY_PHASE_STRIP = NO;
				DEBUG_INFORMATION_FORMAT = "dwarf-with-dsym";
				ENABLE_NS_ASSERTIONS = NO;
				ENABLE_STRICT_OBJC_MSGSEND = YES;
				GCC_C_LANGUAGE_STANDARD = gnu11;
				GCC_NO_COMMON_BLOCKS = YES;
				GCC_WARN_64_TO_32_BIT_CONVERSION = YES;
				GCC_WARN_ABOUT_RETURN_TYPE = YES_ERROR;
				GCC_WARN_UNDECLARED_SELECTOR = YES;
				GCC_WARN_UNINITIALIZED_AUTOS = YES_AGGRESSIVE;
				GCC_WARN_UNUSED_FUNCTION = YES;
				GCC_WARN_UNUSED_VARIABLE = YES;
				IPHONEOS_DEPLOYMENT_TARGET = 11.0;
				MTL_ENABLE_DEBUG_INFO = NO;
				MTL_FAST_MATH = YES;
				SDKROOT = iphoneos;
				SWIFT_COMPILATION_MODE = wholemodule;
				SWIFT_OPTIMIZATION_LEVEL = "-O";
				VALIDATE_PRODUCT = YES;
			};
			name = Release;
		};
		7BB28A89241D39CD008165BE /* Debug */ = {
			isa = XCBuildConfiguration;
			baseConfigurationReference = C7A82CD4BBAE9B2234F17F00 /* Pods-Swift-Tutorial.debug.xcconfig */;
			buildSettings = {
				ASSETCATALOG_COMPILER_APPICON_NAME = AppIcon;
				CODE_SIGN_STYLE = Automatic;
				DEVELOPMENT_TEAM = 7YX6TD2TM8;
				INFOPLIST_FILE = "Swift-Tutorial/Info.plist";
				IPHONEOS_DEPLOYMENT_TARGET = 11.0;
				LD_RUNPATH_SEARCH_PATHS = (
					"$(inherited)",
					"@executable_path/Frameworks",
				);
				PRODUCT_BUNDLE_IDENTIFIER = "IG.Swift-Tutorial";
				PRODUCT_NAME = "$(TARGET_NAME)";
				SWIFT_VERSION = 5.0;
				TARGETED_DEVICE_FAMILY = "1,2";
			};
			name = Debug;
		};
		7BB28A8A241D39CD008165BE /* Release */ = {
			isa = XCBuildConfiguration;
			baseConfigurationReference = CD2D39B873E9D9BE91A8B1DC /* Pods-Swift-Tutorial.release.xcconfig */;
			buildSettings = {
				ASSETCATALOG_COMPILER_APPICON_NAME = AppIcon;
				CODE_SIGN_STYLE = Automatic;
				DEVELOPMENT_TEAM = 7YX6TD2TM8;
				INFOPLIST_FILE = "Swift-Tutorial/Info.plist";
				IPHONEOS_DEPLOYMENT_TARGET = 11.0;
				LD_RUNPATH_SEARCH_PATHS = (
					"$(inherited)",
					"@executable_path/Frameworks",
				);
				PRODUCT_BUNDLE_IDENTIFIER = "IG.Swift-Tutorial";
				PRODUCT_NAME = "$(TARGET_NAME)";
				SWIFT_VERSION = 5.0;
				TARGETED_DEVICE_FAMILY = "1,2";
			};
			name = Release;
		};
/* End XCBuildConfiguration section */

/* Begin XCConfigurationList section */
		7BB28A6F241D39CA008165BE /* Build configuration list for PBXProject "Swift-Tutorial" */ = {
			isa = XCConfigurationList;
			buildConfigurations = (
				7BB28A86241D39CD008165BE /* Debug */,
				7BB28A87241D39CD008165BE /* Release */,
			);
			defaultConfigurationIsVisible = 0;
			defaultConfigurationName = Release;
		};
		7BB28A88241D39CD008165BE /* Build configuration list for PBXNativeTarget "Swift-Tutorial" */ = {
			isa = XCConfigurationList;
			buildConfigurations = (
				7BB28A89241D39CD008165BE /* Debug */,
				7BB28A8A241D39CD008165BE /* Release */,
			);
			defaultConfigurationIsVisible = 0;
			defaultConfigurationName = Release;
		};
/* End XCConfigurationList section */
	};
	rootObject = 7BB28A6C241D39CA008165BE /* Project object */;
}
